// !$*UTF8*$!
{
	archiveVersion = 1;
	classes = {
	};
	objectVersion = 46;
	objects = {

/* Begin PBXBuildFile section */
		3FF16D8B1BF0379B00E11BBE /* main.m in Sources */ = {isa = PBXBuildFile; fileRef = 3FF16D8A1BF0379B00E11BBE /* main.m */; };
		3FF16D8E1BF0379B00E11BBE /* AppDelegate.m in Sources */ = {isa = PBXBuildFile; fileRef = 3FF16D8D1BF0379B00E11BBE /* AppDelegate.m */; };
		3FF16D911BF0379B00E11BBE /* ViewController.m in Sources */ = {isa = PBXBuildFile; fileRef = 3FF16D901BF0379B00E11BBE /* ViewController.m */; };
		3FF16D941BF0379B00E11BBE /* Main.storyboard in Resources */ = {isa = PBXBuildFile; fileRef = 3FF16D921BF0379B00E11BBE /* Main.storyboard */; };
		3FF16D961BF0379B00E11BBE /* Assets.xcassets in Resources */ = {isa = PBXBuildFile; fileRef = 3FF16D951BF0379B00E11BBE /* Assets.xcassets */; };
		3FF16D991BF0379B00E11BBE /* LaunchScreen.storyboard in Resources */ = {isa = PBXBuildFile; fileRef = 3FF16D971BF0379B00E11BBE /* LaunchScreen.storyboard */; };
		3FF16DA41BF0379B00E11BBE /* githubTests.m in Sources */ = {isa = PBXBuildFile; fileRef = 3FF16DA31BF0379B00E11BBE /* githubTests.m */; };
		3FF16DAF1BF0379B00E11BBE /* githubUITests.m in Sources */ = {isa = PBXBuildFile; fileRef = 3FF16DAE1BF0379B00E11BBE /* githubUITests.m */; };
/* End PBXBuildFile section */

/* Begin PBXContainerItemProxy section */
		3FF16DA01BF0379B00E11BBE /* PBXContainerItemProxy */ = {
			isa = PBXContainerItemProxy;
			containerPortal = 3FF16D7E1BF0379B00E11BBE /* Project object */;
			proxyType = 1;
			remoteGlobalIDString = 3FF16D851BF0379B00E11BBE;
			remoteInfo = github;
		};
		3FF16DAB1BF0379B00E11BBE /* PBXContainerItemProxy */ = {
			isa = PBXContainerItemProxy;
			containerPortal = 3FF16D7E1BF0379B00E11BBE /* Project object */;
			proxyType = 1;
			remoteGlobalIDString = 3FF16D851BF0379B00E11BBE;
			remoteInfo = github;
		};
/* End PBXContainerItemProxy section */

/* Begin PBXFileReference section */
		3FF16D861BF0379B00E11BBE /* github.app */ = {isa = PBXFileReference; explicitFileType = wrapper.application; includeInIndex = 0; path = github.app; sourceTree = BUILT_PRODUCTS_DIR; };
		3FF16D8A1BF0379B00E11BBE /* main.m */ = {isa = PBXFileReference; lastKnownFileType = sourcecode.c.objc; path = main.m; sourceTree = "<group>"; };
		3FF16D8C1BF0379B00E11BBE /* AppDelegate.h */ = {isa = PBXFileReference; lastKnownFileType = sourcecode.c.h; path = AppDelegate.h; sourceTree = "<group>"; };
		3FF16D8D1BF0379B00E11BBE /* AppDelegate.m */ = {isa = PBXFileReference; lastKnownFileType = sourcecode.c.objc; path = AppDelegate.m; sourceTree = "<group>"; };
		3FF16D8F1BF0379B00E11BBE /* ViewController.h */ = {isa = PBXFileReference; lastKnownFileType = sourcecode.c.h; path = ViewController.h; sourceTree = "<group>"; };
		3FF16D901BF0379B00E11BBE /* ViewController.m */ = {isa = PBXFileReference; lastKnownFileType = sourcecode.c.objc; path = ViewController.m; sourceTree = "<group>"; };
		3FF16D931BF0379B00E11BBE /* Base */ = {isa = PBXFileReference; lastKnownFileType = file.storyboard; name = Base; path = Base.lproj/Main.storyboard; sourceTree = "<group>"; };
		3FF16D951BF0379B00E11BBE /* Assets.xcassets */ = {isa = PBXFileReference; lastKnownFileType = folder.assetcatalog; path = Assets.xcassets; sourceTree = "<group>"; };
		3FF16D981BF0379B00E11BBE /* Base */ = {isa = PBXFileReference; lastKnownFileType = file.storyboard; name = Base; path = Base.lproj/LaunchScreen.storyboard; sourceTree = "<group>"; };
		3FF16D9A1BF0379B00E11BBE /* Info.plist */ = {isa = PBXFileReference; lastKnownFileType = text.plist.xml; path = Info.plist; sourceTree = "<group>"; };
		3FF16D9F1BF0379B00E11BBE /* githubTests.xctest */ = {isa = PBXFileReference; explicitFileType = wrapper.cfbundle; includeInIndex = 0; path = githubTests.xctest; sourceTree = BUILT_PRODUCTS_DIR; };
		3FF16DA31BF0379B00E11BBE /* githubTests.m */ = {isa = PBXFileReference; lastKnownFileType = sourcecode.c.objc; path = githubTests.m; sourceTree = "<group>"; };
		3FF16DA51BF0379B00E11BBE /* Info.plist */ = {isa = PBXFileReference; lastKnownFileType = text.plist.xml; path = Info.plist; sourceTree = "<group>"; };
		3FF16DAA1BF0379B00E11BBE /* githubUITests.xctest */ = {isa = PBXFileReference; explicitFileType = wrapper.cfbundle; includeInIndex = 0; path = githubUITests.xctest; sourceTree = BUILT_PRODUCTS_DIR; };
		3FF16DAE1BF0379B00E11BBE /* githubUITests.m */ = {isa = PBXFileReference; lastKnownFileType = sourcecode.c.objc; path = githubUITests.m; sourceTree = "<group>"; };
		3FF16DB01BF0379B00E11BBE /* Info.plist */ = {isa = PBXFileReference; lastKnownFileType = text.plist.xml; path = Info.plist; sourceTree = "<group>"; };
/* End PBXFileReference section */

/* Begin PBXFrameworksBuildPhase section */
		3FF16D831BF0379B00E11BBE /* Frameworks */ = {
			isa = PBXFrameworksBuildPhase;
			buildActionMask = 2147483647;
			files = (
			);
			runOnlyForDeploymentPostprocessing = 0;
		};
		3FF16D9C1BF0379B00E11BBE /* Frameworks */ = {
			isa = PBXFrameworksBuildPhase;
			buildActionMask = 2147483647;
			files = (
			);
			runOnlyForDeploymentPostprocessing = 0;
		};
		3FF16DA71BF0379B00E11BBE /* Frameworks */ = {
			isa = PBXFrameworksBuildPhase;
			buildActionMask = 2147483647;
			files = (
			);
			runOnlyForDeploymentPostprocessing = 0;
		};
/* End PBXFrameworksBuildPhase section */

/* Begin PBXGroup section */
		3FF16D7D1BF0379B00E11BBE = {
			isa = PBXGroup;
			children = (
				3FF16D881BF0379B00E11BBE /* github */,
				3FF16DA21BF0379B00E11BBE /* githubTests */,
				3FF16DAD1BF0379B00E11BBE /* githubUITests */,
				3FF16D871BF0379B00E11BBE /* Products */,
			);
			sourceTree = "<group>";
		};
		3FF16D871BF0379B00E11BBE /* Products */ = {
			isa = PBXGroup;
			children = (
				3FF16D861BF0379B00E11BBE /* github.app */,
				3FF16D9F1BF0379B00E11BBE /* githubTests.xctest */,
				3FF16DAA1BF0379B00E11BBE /* githubUITests.xctest */,
			);
			name = Products;
			sourceTree = "<group>";
		};
		3FF16D881BF0379B00E11BBE /* github */ = {
			isa = PBXGroup;
			children = (
				3FF16D8C1BF0379B00E11BBE /* AppDelegate.h */,
				3FF16D8D1BF0379B00E11BBE /* AppDelegate.m */,
				3FF16D8F1BF0379B00E11BBE /* ViewController.h */,
				3FF16D901BF0379B00E11BBE /* ViewController.m */,
				3FF16D921BF0379B00E11BBE /* Main.storyboard */,
				3FF16D951BF0379B00E11BBE /* Assets.xcassets */,
				3FF16D971BF0379B00E11BBE /* LaunchScreen.storyboard */,
				3FF16D9A1BF0379B00E11BBE /* Info.plist */,
				3FF16D891BF0379B00E11BBE /* Supporting Files */,
			);
			path = github;
			sourceTree = "<group>";
		};
		3FF16D891BF0379B00E11BBE /* Supporting Files */ = {
			isa = PBXGroup;
			children = (
				3FF16D8A1BF0379B00E11BBE /* main.m */,
			);
			name = "Supporting Files";
			sourceTree = "<group>";
		};
		3FF16DA21BF0379B00E11BBE /* githubTests */ = {
			isa = PBXGroup;
			children = (
				3FF16DA31BF0379B00E11BBE /* githubTests.m */,
				3FF16DA51BF0379B00E11BBE /* Info.plist */,
			);
			path = githubTests;
			sourceTree = "<group>";
		};
		3FF16DAD1BF0379B00E11BBE /* githubUITests */ = {
			isa = PBXGroup;
			children = (
				3FF16DAE1BF0379B00E11BBE /* githubUITests.m */,
				3FF16DB01BF0379B00E11BBE /* Info.plist */,
			);
			path = githubUITests;
			sourceTree = "<group>";
		};
/* End PBXGroup section */

/* Begin PBXNativeTarget section */
		3FF16D851BF0379B00E11BBE /* github */ = {
			isa = PBXNativeTarget;
			buildConfigurationList = 3FF16DB31BF0379B00E11BBE /* Build configuration list for PBXNativeTarget "github" */;
			buildPhases = (
				3FF16D821BF0379B00E11BBE /* Sources */,
				3FF16D831BF0379B00E11BBE /* Frameworks */,
				3FF16D841BF0379B00E11BBE /* Resources */,
			);
			buildRules = (
			);
			dependencies = (
			);
			name = github;
			productName = github;
			productReference = 3FF16D861BF0379B00E11BBE /* github.app */;
			productType = "com.apple.product-type.application";
		};
		3FF16D9E1BF0379B00E11BBE /* githubTests */ = {
			isa = PBXNativeTarget;
			buildConfigurationList = 3FF16DB61BF0379B00E11BBE /* Build configuration list for PBXNativeTarget "githubTests" */;
			buildPhases = (
				3FF16D9B1BF0379B00E11BBE /* Sources */,
				3FF16D9C1BF0379B00E11BBE /* Frameworks */,
				3FF16D9D1BF0379B00E11BBE /* Resources */,
			);
			buildRules = (
			);
			dependencies = (
				3FF16DA11BF0379B00E11BBE /* PBXTargetDependency */,
			);
			name = githubTests;
			productName = githubTests;
			productReference = 3FF16D9F1BF0379B00E11BBE /* githubTests.xctest */;
			productType = "com.apple.product-type.bundle.unit-test";
		};
		3FF16DA91BF0379B00E11BBE /* githubUITests */ = {
			isa = PBXNativeTarget;
			buildConfigurationList = 3FF16DB91BF0379B00E11BBE /* Build configuration list for PBXNativeTarget "githubUITests" */;
			buildPhases = (
				3FF16DA61BF0379B00E11BBE /* Sources */,
				3FF16DA71BF0379B00E11BBE /* Frameworks */,
				3FF16DA81BF0379B00E11BBE /* Resources */,
			);
			buildRules = (
			);
			dependencies = (
				3FF16DAC1BF0379B00E11BBE /* PBXTargetDependency */,
			);
			name = githubUITests;
			productName = githubUITests;
			productReference = 3FF16DAA1BF0379B00E11BBE /* githubUITests.xctest */;
			productType = "com.apple.product-type.bundle.ui-testing";
		};
/* End PBXNativeTarget section */

/* Begin PBXProject section */
		3FF16D7E1BF0379B00E11BBE /* Project object */ = {
			isa = PBXProject;
			attributes = {
				LastUpgradeCheck = 0700;
				ORGANIZATIONNAME = lanou;
				TargetAttributes = {
					3FF16D851BF0379B00E11BBE = {
						CreatedOnToolsVersion = 7.0.1;
					};
					3FF16D9E1BF0379B00E11BBE = {
						CreatedOnToolsVersion = 7.0.1;
						TestTargetID = 3FF16D851BF0379B00E11BBE;
					};
					3FF16DA91BF0379B00E11BBE = {
						CreatedOnToolsVersion = 7.0.1;
						TestTargetID = 3FF16D851BF0379B00E11BBE;
					};
				};
			};
			buildConfigurationList = 3FF16D811BF0379B00E11BBE /* Build configuration list for PBXProject "github" */;
			compatibilityVersion = "Xcode 3.2";
			developmentRegion = English;
			hasScannedForEncodings = 0;
			knownRegions = (
				en,
				Base,
			);
			mainGroup = 3FF16D7D1BF0379B00E11BBE;
			productRefGroup = 3FF16D871BF0379B00E11BBE /* Products */;
			projectDirPath = "";
			projectRoot = "";
			targets = (
				3FF16D851BF0379B00E11BBE /* github */,
				3FF16D9E1BF0379B00E11BBE /* githubTests */,
				3FF16DA91BF0379B00E11BBE /* githubUITests */,
			);
		};
/* End PBXProject section */

/* Begin PBXResourcesBuildPhase section */
		3FF16D841BF0379B00E11BBE /* Resources */ = {
			isa = PBXResourcesBuildPhase;
			buildActionMask = 2147483647;
			files = (
				3FF16D991BF0379B00E11BBE /* LaunchScreen.storyboard in Resources */,
				3FF16D961BF0379B00E11BBE /* Assets.xcassets in Resources */,
				3FF16D941BF0379B00E11BBE /* Main.storyboard in Resources */,
			);
			runOnlyForDeploymentPostprocessing = 0;
		};
		3FF16D9D1BF0379B00E11BBE /* Resources */ = {
			isa = PBXResourcesBuildPhase;
			buildActionMask = 2147483647;
			files = (
			);
			runOnlyForDeploymentPostprocessing = 0;
		};
		3FF16DA81BF0379B00E11BBE /* Resources */ = {
			isa = PBXResourcesBuildPhase;
			buildActionMask = 2147483647;
			files = (
			);
			runOnlyForDeploymentPostprocessing = 0;
		};
/* End PBXResourcesBuildPhase section */

/* Begin PBXSourcesBuildPhase section */
		3FF16D821BF0379B00E11BBE /* Sources */ = {
			isa = PBXSourcesBuildPhase;
			buildActionMask = 2147483647;
			files = (
				3FF16D911BF0379B00E11BBE /* ViewController.m in Sources */,
				3FF16D8E1BF0379B00E11BBE /* AppDelegate.m in Sources */,
				3FF16D8B1BF0379B00E11BBE /* main.m in Sources */,
			);
			runOnlyForDeploymentPostprocessing = 0;
		};
		3FF16D9B1BF0379B00E11BBE /* Sources */ = {
			isa = PBXSourcesBuildPhase;
			buildActionMask = 2147483647;
			files = (
				3FF16DA41BF0379B00E11BBE /* githubTests.m in Sources */,
			);
			runOnlyForDeploymentPostprocessing = 0;
		};
		3FF16DA61BF0379B00E11BBE /* Sources */ = {
			isa = PBXSourcesBuildPhase;
			buildActionMask = 2147483647;
			files = (
				3FF16DAF1BF0379B00E11BBE /* githubUITests.m in Sources */,
			);
			runOnlyForDeploymentPostprocessing = 0;
		};
/* End PBXSourcesBuildPhase section */

/* Begin PBXTargetDependency section */
		3FF16DA11BF0379B00E11BBE /* PBXTargetDependency */ = {
			isa = PBXTargetDependency;
			target = 3FF16D851BF0379B00E11BBE /* github */;
			targetProxy = 3FF16DA01BF0379B00E11BBE /* PBXContainerItemProxy */;
		};
		3FF16DAC1BF0379B00E11BBE /* PBXTargetDependency */ = {
			isa = PBXTargetDependency;
			target = 3FF16D851BF0379B00E11BBE /* github */;
			targetProxy = 3FF16DAB1BF0379B00E11BBE /* PBXContainerItemProxy */;
		};
/* End PBXTargetDependency section */

/* Begin PBXVariantGroup section */
		3FF16D921BF0379B00E11BBE /* Main.storyboard */ = {
			isa = PBXVariantGroup;
			children = (
				3FF16D931BF0379B00E11BBE /* Base */,
			);
			name = Main.storyboard;
			sourceTree = "<group>";
		};
		3FF16D971BF0379B00E11BBE /* LaunchScreen.storyboard */ = {
			isa = PBXVariantGroup;
			children = (
				3FF16D981BF0379B00E11BBE /* Base */,
			);
			name = LaunchScreen.storyboard;
			sourceTree = "<group>";
		};
/* End PBXVariantGroup section */

/* Begin XCBuildConfiguration section */
		3FF16DB11BF0379B00E11BBE /* Debug */ = {
			isa = XCBuildConfiguration;
			buildSettings = {
				ALWAYS_SEARCH_USER_PATHS = NO;
				CLANG_CXX_LANGUAGE_STANDARD = "gnu++0x";
				CLANG_CXX_LIBRARY = "libc++";
				CLANG_ENABLE_MODULES = YES;
				CLANG_ENABLE_OBJC_ARC = YES;
				CLANG_WARN_BOOL_CONVERSION = YES;
				CLANG_WARN_CONSTANT_CONVERSION = YES;
				CLANG_WARN_DIRECT_OBJC_ISA_USAGE = YES_ERROR;
				CLANG_WARN_EMPTY_BODY = YES;
				CLANG_WARN_ENUM_CONVERSION = YES;
				CLANG_WARN_INT_CONVERSION = YES;
				CLANG_WARN_OBJC_ROOT_CLASS = YES_ERROR;
				CLANG_WARN_UNREACHABLE_CODE = YES;
				CLANG_WARN__DUPLICATE_METHOD_MATCH = YES;
				"CODE_SIGN_IDENTITY[sdk=iphoneos*]" = "iPhone Developer";
				COPY_PHASE_STRIP = NO;
				DEBUG_INFORMATION_FORMAT = dwarf;
				ENABLE_STRICT_OBJC_MSGSEND = YES;
				ENABLE_TESTABILITY = YES;
				GCC_C_LANGUAGE_STANDARD = gnu99;
				GCC_DYNAMIC_NO_PIC = NO;
				GCC_NO_COMMON_BLOCKS = YES;
				GCC_OPTIMIZATION_LEVEL = 0;
				GCC_PREPROCESSOR_DEFINITIONS = (
					"DEBUG=1",
					"$(inherited)",
				);
				GCC_WARN_64_TO_32_BIT_CONVERSION = YES;
				GCC_WARN_ABOUT_RETURN_TYPE = YES_ERROR;
				GCC_WARN_UNDECLARED_SELECTOR = YES;
				GCC_WARN_UNINITIALIZED_AUTOS = YES_AGGRESSIVE;
				GCC_WARN_UNUSED_FUNCTION = YES;
				GCC_WARN_UNUSED_VARIABLE = YES;
				IPHONEOS_DEPLOYMENT_TARGET = 9.0;
				MTL_ENABLE_DEBUG_INFO = YES;
				ONLY_ACTIVE_ARCH = YES;
				SDKROOT = iphoneos;
				TARGETED_DEVICE_FAMILY = "1,2";
			};
			name = Debug;
		};
		3FF16DB21BF0379B00E11BBE /* Release */ = {
			isa = XCBuildConfiguration;
			buildSettings = {
				ALWAYS_SEARCH_USER_PATHS = NO;
				CLANG_CXX_LANGUAGE_STANDARD = "gnu++0x";
				CLANG_CXX_LIBRARY = "libc++";
				CLANG_ENABLE_MODULES = YES;
				CLANG_ENABLE_OBJC_ARC = YES;
				CLANG_WARN_BOOL_CONVERSION = YES;
				CLANG_WARN_CONSTANT_CONVERSION = YES;
				CLANG_WARN_DIRECT_OBJC_ISA_USAGE = YES_ERROR;
				CLANG_WARN_EMPTY_BODY = YES;
				CLANG_WARN_ENUM_CONVERSION = YES;
				CLANG_WARN_INT_CONVERSION = YES;
				CLANG_WARN_OBJC_ROOT_CLASS = YES_ERROR;
				CLANG_WARN_UNREACHABLE_CODE = YES;
				CLANG_WARN__DUPLICATE_METHOD_MATCH = YES;
				"CODE_SIGN_IDENTITY[sdk=iphoneos*]" = "iPhone Developer";
				COPY_PHASE_STRIP = NO;
				DEBUG_INFORMATION_FORMAT = "dwarf-with-dsym";
				ENABLE_NS_ASSERTIONS = NO;
				ENABLE_STRICT_OBJC_MSGSEND = YES;
				GCC_C_LANGUAGE_STANDARD = gnu99;
				GCC_NO_COMMON_BLOCKS = YES;
				GCC_WARN_64_TO_32_BIT_CONVERSION = YES;
				GCC_WARN_ABOUT_RETURN_TYPE = YES_ERROR;
				GCC_WARN_UNDECLARED_SELECTOR = YES;
				GCC_WARN_UNINITIALIZED_AUTOS = YES_AGGRESSIVE;
				GCC_WARN_UNUSED_FUNCTION = YES;
				GCC_WARN_UNUSED_VARIABLE = YES;
				IPHONEOS_DEPLOYMENT_TARGET = 9.0;
				MTL_ENABLE_DEBUG_INFO = NO;
				SDKROOT = iphoneos;
				TARGETED_DEVICE_FAMILY = "1,2";
				VALIDATE_PRODUCT = YES;
			};
			name = Release;
		};
		3FF16DB41BF0379B00E11BBE /* Debug */ = {
			isa = XCBuildConfiguration;
			buildSettings = {
				ASSETCATALOG_COMPILER_APPICON_NAME = AppIcon;
				INFOPLIST_FILE = github/Info.plist;
				LD_RUNPATH_SEARCH_PATHS = "$(inherited) @executable_path/Frameworks";
				PRODUCT_BUNDLE_IDENTIFIER = xwr.github;
				PRODUCT_NAME = "$(TARGET_NAME)";
			};
			name = Debug;
		};
		3FF16DB51BF0379B00E11BBE /* Release */ = {
			isa = XCBuildConfiguration;
			buildSettings = {
				ASSETCATALOG_COMPILER_APPICON_NAME = AppIcon;
				INFOPLIST_FILE = github/Info.plist;
				LD_RUNPATH_SEARCH_PATHS = "$(inherited) @executable_path/Frameworks";
				PRODUCT_BUNDLE_IDENTIFIER = xwr.github;
				PRODUCT_NAME = "$(TARGET_NAME)";
			};
			name = Release;
		};
		3FF16DB71BF0379B00E11BBE /* Debug */ = {
			isa = XCBuildConfiguration;
			buildSettings = {
				BUNDLE_LOADER = "$(TEST_HOST)";
				INFOPLIST_FILE = githubTests/Info.plist;
				LD_RUNPATH_SEARCH_PATHS = "$(inherited) @executable_path/Frameworks @loader_path/Frameworks";
				PRODUCT_BUNDLE_IDENTIFIER = xwr.githubTests;
				PRODUCT_NAME = "$(TARGET_NAME)";
				TEST_HOST = "$(BUILT_PRODUCTS_DIR)/github.app/github";
			};
			name = Debug;
		};
		3FF16DB81BF0379B00E11BBE /* Release */ = {
			isa = XCBuildConfiguration;
			buildSettings = {
				BUNDLE_LOADER = "$(TEST_HOST)";
				INFOPLIST_FILE = githubTests/Info.plist;
				LD_RUNPATH_SEARCH_PATHS = "$(inherited) @executable_path/Frameworks @loader_path/Frameworks";
				PRODUCT_BUNDLE_IDENTIFIER = xwr.githubTests;
				PRODUCT_NAME = "$(TARGET_NAME)";
				TEST_HOST = "$(BUILT_PRODUCTS_DIR)/github.app/github";
			};
			name = Release;
		};
		3FF16DBA1BF0379B00E11BBE /* Debug */ = {
			isa = XCBuildConfiguration;
			buildSettings = {
				INFOPLIST_FILE = githubUITests/Info.plist;
				LD_RUNPATH_SEARCH_PATHS = "$(inherited) @executable_path/Frameworks @loader_path/Frameworks";
				PRODUCT_BUNDLE_IDENTIFIER = xwr.githubUITests;
				PRODUCT_NAME = "$(TARGET_NAME)";
				TEST_TARGET_NAME = github;
				USES_XCTRUNNER = YES;
			};
			name = Debug;
		};
		3FF16DBB1BF0379B00E11BBE /* Release */ = {
			isa = XCBuildConfiguration;
			buildSettings = {
				INFOPLIST_FILE = githubUITests/Info.plist;
				LD_RUNPATH_SEARCH_PATHS = "$(inherited) @executable_path/Frameworks @loader_path/Frameworks";
				PRODUCT_BUNDLE_IDENTIFIER = xwr.githubUITests;
				PRODUCT_NAME = "$(TARGET_NAME)";
				TEST_TARGET_NAME = github;
				USES_XCTRUNNER = YES;
			};
			name = Release;
		};
/* End XCBuildConfiguration section */

/* Begin XCConfigurationList section */
		3FF16D811BF0379B00E11BBE /* Build configuration list for PBXProject "github" */ = {
			isa = XCConfigurationList;
			buildConfigurations = (
				3FF16DB11BF0379B00E11BBE /* Debug */,
				3FF16DB21BF0379B00E11BBE /* Release */,
			);
			defaultConfigurationIsVisible = 0;
			defaultConfigurationName = Release;
		};
		3FF16DB31BF0379B00E11BBE /* Build configuration list for PBXNativeTarget "github" */ = {
			isa = XCConfigurationList;
			buildConfigurations = (
				3FF16DB41BF0379B00E11BBE /* Debug */,
				3FF16DB51BF0379B00E11BBE /* Release */,
			);
			defaultConfigurationIsVisible = 0;
		};
		3FF16DB61BF0379B00E11BBE /* Build configuration list for PBXNativeTarget "githubTests" */ = {
			isa = XCConfigurationList;
			buildConfigurations = (
				3FF16DB71BF0379B00E11BBE /* Debug */,
				3FF16DB81BF0379B00E11BBE /* Release */,
			);
			defaultConfigurationIsVisible = 0;
		};
		3FF16DB91BF0379B00E11BBE /* Build configuration list for PBXNativeTarget "githubUITests" */ = {
			isa = XCConfigurationList;
			buildConfigurations = (
				3FF16DBA1BF0379B00E11BBE /* Debug */,
				3FF16DBB1BF0379B00E11BBE /* Release */,
			);
			defaultConfigurationIsVisible = 0;
		};
/* End XCConfigurationList section */
	};
	rootObject = 3FF16D7E1BF0379B00E11BBE /* Project object */;
}
